// !$*UTF8*$!
{
	archiveVersion = 1;
	classes = {
	};
	objectVersion = 46;
	objects = {

/* Begin PBXBuildFile section */
		7E0E01A31FBAB4D800532876 /* BoneCustomMenuSource.swift in Sources */ = {isa = PBXBuildFile; fileRef = 7E0E01A21FBAB4D800532876 /* BoneCustomMenuSource.swift */; };
		7E0E01A51FBAD87200532876 /* BoneCustomListSource.swift in Sources */ = {isa = PBXBuildFile; fileRef = 7E0E01A41FBAD87200532876 /* BoneCustomListSource.swift */; };
		7E1A4FD41F160B1B00971EC1 /* BoneCustomIcon.bundle in Resources */ = {isa = PBXBuildFile; fileRef = 7E1A4FD31F160B1B00971EC1 /* BoneCustomIcon.bundle */; };
		7E27A8E72060E4580084F5B5 /* UIView+Geometry.swift in Sources */ = {isa = PBXBuildFile; fileRef = 7E27A8E62060E4580084F5B5 /* UIView+Geometry.swift */; };
		7E3038131F0F257B00B16ACB /* AppDelegate.swift in Sources */ = {isa = PBXBuildFile; fileRef = 7E3038121F0F257B00B16ACB /* AppDelegate.swift */; };
		7E3038151F0F257B00B16ACB /* ViewController.swift in Sources */ = {isa = PBXBuildFile; fileRef = 7E3038141F0F257B00B16ACB /* ViewController.swift */; };
		7E3038181F0F257B00B16ACB /* Main.storyboard in Resources */ = {isa = PBXBuildFile; fileRef = 7E3038161F0F257B00B16ACB /* Main.storyboard */; };
		7E30381A1F0F257B00B16ACB /* Assets.xcassets in Resources */ = {isa = PBXBuildFile; fileRef = 7E3038191F0F257B00B16ACB /* Assets.xcassets */; };
		7E30381D1F0F257B00B16ACB /* LaunchScreen.storyboard in Resources */ = {isa = PBXBuildFile; fileRef = 7E30381B1F0F257B00B16ACB /* LaunchScreen.storyboard */; };
		7E3038261F0F48B800B16ACB /* BoneCustomPopup.swift in Sources */ = {isa = PBXBuildFile; fileRef = 7E3038251F0F48B800B16ACB /* BoneCustomPopup.swift */; };
		7E3038281F0FC36000B16ACB /* BoneCustomMenu.swift in Sources */ = {isa = PBXBuildFile; fileRef = 7E3038271F0FC36000B16ACB /* BoneCustomMenu.swift */; };
		7E3038301F0FC4C100B16ACB /* BoneMenuDelegate.swift in Sources */ = {isa = PBXBuildFile; fileRef = 7E30382F1F0FC4C100B16ACB /* BoneMenuDelegate.swift */; };
		7E30D78D2046DA6400446B6F /* UIBotton+Extension.swift in Sources */ = {isa = PBXBuildFile; fileRef = 7E30D78C2046DA6400446B6F /* UIBotton+Extension.swift */; };
		7E39A06E1F1C98F50030EB75 /* BoneTools.swift in Sources */ = {isa = PBXBuildFile; fileRef = 7E39A06C1F1C98F50030EB75 /* BoneTools.swift */; };
		7E39A06F1F1C98F50030EB75 /* String+Extension.swift in Sources */ = {isa = PBXBuildFile; fileRef = 7E39A06D1F1C98F50030EB75 /* String+Extension.swift */; };
		7E39A0771F1C999E0030EB75 /* BoneCustomDelegate.swift in Sources */ = {isa = PBXBuildFile; fileRef = 7E39A0721F1C999E0030EB75 /* BoneCustomDelegate.swift */; };
		7E4C1A1A2004AFC000B22EAD /* BoneCalendarHeader.swift in Sources */ = {isa = PBXBuildFile; fileRef = 7E4C1A192004AFC000B22EAD /* BoneCalendarHeader.swift */; };
		7E4C1A1C2005A30500B22EAD /* BoneCalendarTimePicker.swift in Sources */ = {isa = PBXBuildFile; fileRef = 7E4C1A1B2005A30400B22EAD /* BoneCalendarTimePicker.swift */; };
		7EB9A7E61FB18BDD00CD100C /* BoneCustomListsView.swift in Sources */ = {isa = PBXBuildFile; fileRef = 7EB9A7E21FB18BDD00CD100C /* BoneCustomListsView.swift */; };
		7EB9A7E71FB18BDD00CD100C /* BoneListsCell.swift in Sources */ = {isa = PBXBuildFile; fileRef = 7EB9A7E31FB18BDD00CD100C /* BoneListsCell.swift */; };
		7EB9A7F61FB1F3FB00CD100C /* BoneCalenadrDataSourceProtocol.swift in Sources */ = {isa = PBXBuildFile; fileRef = 7EB9A7EC1FB1F3FB00CD100C /* BoneCalenadrDataSourceProtocol.swift */; };
		7EB9A7F71FB1F3FB00CD100C /* BoneCalenadrDataSource.swift in Sources */ = {isa = PBXBuildFile; fileRef = 7EB9A7ED1FB1F3FB00CD100C /* BoneCalenadrDataSource.swift */; };
		7EB9A7F81FB1F3FB00CD100C /* BoneCalenadrDelegate.swift in Sources */ = {isa = PBXBuildFile; fileRef = 7EB9A7EE1FB1F3FB00CD100C /* BoneCalenadrDelegate.swift */; };
		7EB9A7F91FB1F3FB00CD100C /* BoneCalendarFooter.swift in Sources */ = {isa = PBXBuildFile; fileRef = 7EB9A7F01FB1F3FB00CD100C /* BoneCalendarFooter.swift */; };
		7EB9A7FA1FB1F3FB00CD100C /* RoundBackgroundLabel.swift in Sources */ = {isa = PBXBuildFile; fileRef = 7EB9A7F11FB1F3FB00CD100C /* RoundBackgroundLabel.swift */; };
		7EB9A7FB1FB1F3FB00CD100C /* BoneCalenadrReusableView.swift in Sources */ = {isa = PBXBuildFile; fileRef = 7EB9A7F21FB1F3FB00CD100C /* BoneCalenadrReusableView.swift */; };
		7EB9A7FC1FB1F3FB00CD100C /* BoneDayCell.swift in Sources */ = {isa = PBXBuildFile; fileRef = 7EB9A7F31FB1F3FB00CD100C /* BoneDayCell.swift */; };
		7EB9A7FD1FB1F3FB00CD100C /* BoneCalendarLayout.swift in Sources */ = {isa = PBXBuildFile; fileRef = 7EB9A7F41FB1F3FB00CD100C /* BoneCalendarLayout.swift */; };
		7EB9A7FE1FB1F3FB00CD100C /* BoneCalendarView.swift in Sources */ = {isa = PBXBuildFile; fileRef = 7EB9A7F51FB1F3FB00CD100C /* BoneCalendarView.swift */; };
		7EB9A82C1FB2D18F00CD100C /* BoneFilterCollectionCell.swift in Sources */ = {isa = PBXBuildFile; fileRef = 7EB9A82B1FB2D18F00CD100C /* BoneFilterCollectionCell.swift */; };
		7EB9A82E1FB2D1C700CD100C /* BoneFilterReusableView.swift in Sources */ = {isa = PBXBuildFile; fileRef = 7EB9A82D1FB2D1C700CD100C /* BoneFilterReusableView.swift */; };
		7EB9A8301FB2D30400CD100C /* BoneCustomFiltersView.swift in Sources */ = {isa = PBXBuildFile; fileRef = 7EB9A82F1FB2D30400CD100C /* BoneCustomFiltersView.swift */; };
		7EB9A8321FB2D60F00CD100C /* BoneFilterLayout.swift in Sources */ = {isa = PBXBuildFile; fileRef = 7EB9A8311FB2D60F00CD100C /* BoneFilterLayout.swift */; };
		7EB9A8651FB53E2800CD100C /* BoneCustomFilterListView.swift in Sources */ = {isa = PBXBuildFile; fileRef = 7EB9A8641FB53E2800CD100C /* BoneCustomFilterListView.swift */; };
		7EB9A8671FB53FD800CD100C /* BoneFilterSource.swift in Sources */ = {isa = PBXBuildFile; fileRef = 7EB9A8661FB53FD800CD100C /* BoneFilterSource.swift */; };
		7EB9A86C1FB5599600CD100C /* BoneFilterFootView.swift in Sources */ = {isa = PBXBuildFile; fileRef = 7EB9A86B1FB5599600CD100C /* BoneFilterFootView.swift */; };
		7ECC64991FBD283A008F2072 /* BoneMenuBarView.swift in Sources */ = {isa = PBXBuildFile; fileRef = 7ECC64981FBD283A008F2072 /* BoneMenuBarView.swift */; };
/* End PBXBuildFile section */

/* Begin PBXFileReference section */
		7E0E01A21FBAB4D800532876 /* BoneCustomMenuSource.swift */ = {isa = PBXFileReference; lastKnownFileType = sourcecode.swift; path = BoneCustomMenuSource.swift; sourceTree = "<group>"; };
		7E0E01A41FBAD87200532876 /* BoneCustomListSource.swift */ = {isa = PBXFileReference; lastKnownFileType = sourcecode.swift; path = BoneCustomListSource.swift; sourceTree = "<group>"; };
		7E1A4FD31F160B1B00971EC1 /* BoneCustomIcon.bundle */ = {isa = PBXFileReference; lastKnownFileType = "wrapper.plug-in"; path = BoneCustomIcon.bundle; sourceTree = "<group>"; };
		7E27A8E62060E4580084F5B5 /* UIView+Geometry.swift */ = {isa = PBXFileReference; fileEncoding = 4; lastKnownFileType = sourcecode.swift; path = "UIView+Geometry.swift"; sourceTree = "<group>"; };
		7E30380F1F0F257B00B16ACB /* BoneCustomMenu.app */ = {isa = PBXFileReference; explicitFileType = wrapper.application; includeInIndex = 0; path = BoneCustomMenu.app; sourceTree = BUILT_PRODUCTS_DIR; };
		7E3038121F0F257B00B16ACB /* AppDelegate.swift */ = {isa = PBXFileReference; lastKnownFileType = sourcecode.swift; path = AppDelegate.swift; sourceTree = "<group>"; };
		7E3038141F0F257B00B16ACB /* ViewController.swift */ = {isa = PBXFileReference; lastKnownFileType = sourcecode.swift; path = ViewController.swift; sourceTree = "<group>"; };
		7E3038171F0F257B00B16ACB /* Base */ = {isa = PBXFileReference; lastKnownFileType = file.storyboard; name = Base; path = Base.lproj/Main.storyboard; sourceTree = "<group>"; };
		7E3038191F0F257B00B16ACB /* Assets.xcassets */ = {isa = PBXFileReference; lastKnownFileType = folder.assetcatalog; path = Assets.xcassets; sourceTree = "<group>"; };
		7E30381C1F0F257B00B16ACB /* Base */ = {isa = PBXFileReference; lastKnownFileType = file.storyboard; name = Base; path = Base.lproj/LaunchScreen.storyboard; sourceTree = "<group>"; };
		7E30381E1F0F257B00B16ACB /* Info.plist */ = {isa = PBXFileReference; lastKnownFileType = text.plist.xml; path = Info.plist; sourceTree = "<group>"; };
		7E3038251F0F48B800B16ACB /* BoneCustomPopup.swift */ = {isa = PBXFileReference; fileEncoding = 4; lastKnownFileType = sourcecode.swift; path = BoneCustomPopup.swift; sourceTree = "<group>"; };
		7E3038271F0FC36000B16ACB /* BoneCustomMenu.swift */ = {isa = PBXFileReference; fileEncoding = 4; lastKnownFileType = sourcecode.swift; path = BoneCustomMenu.swift; sourceTree = "<group>"; };
		7E30382F1F0FC4C100B16ACB /* BoneMenuDelegate.swift */ = {isa = PBXFileReference; fileEncoding = 4; lastKnownFileType = sourcecode.swift; path = BoneMenuDelegate.swift; sourceTree = "<group>"; };
		7E30D78C2046DA6400446B6F /* UIBotton+Extension.swift */ = {isa = PBXFileReference; fileEncoding = 4; lastKnownFileType = sourcecode.swift; path = "UIBotton+Extension.swift"; sourceTree = "<group>"; };
		7E39A06C1F1C98F50030EB75 /* BoneTools.swift */ = {isa = PBXFileReference; fileEncoding = 4; lastKnownFileType = sourcecode.swift; path = BoneTools.swift; sourceTree = "<group>"; };
		7E39A06D1F1C98F50030EB75 /* String+Extension.swift */ = {isa = PBXFileReference; fileEncoding = 4; lastKnownFileType = sourcecode.swift; path = "String+Extension.swift"; sourceTree = "<group>"; };
		7E39A0721F1C999E0030EB75 /* BoneCustomDelegate.swift */ = {isa = PBXFileReference; fileEncoding = 4; lastKnownFileType = sourcecode.swift; path = BoneCustomDelegate.swift; sourceTree = "<group>"; };
		7E4C1A192004AFC000B22EAD /* BoneCalendarHeader.swift */ = {isa = PBXFileReference; lastKnownFileType = sourcecode.swift; path = BoneCalendarHeader.swift; sourceTree = "<group>"; };
		7E4C1A1B2005A30400B22EAD /* BoneCalendarTimePicker.swift */ = {isa = PBXFileReference; lastKnownFileType = sourcecode.swift; path = BoneCalendarTimePicker.swift; sourceTree = "<group>"; };
		7EB9A7E21FB18BDD00CD100C /* BoneCustomListsView.swift */ = {isa = PBXFileReference; fileEncoding = 4; lastKnownFileType = sourcecode.swift; path = BoneCustomListsView.swift; sourceTree = "<group>"; };
		7EB9A7E31FB18BDD00CD100C /* BoneListsCell.swift */ = {isa = PBXFileReference; fileEncoding = 4; lastKnownFileType = sourcecode.swift; path = BoneListsCell.swift; sourceTree = "<group>"; };
		7EB9A7EC1FB1F3FB00CD100C /* BoneCalenadrDataSourceProtocol.swift */ = {isa = PBXFileReference; fileEncoding = 4; lastKnownFileType = sourcecode.swift; path = BoneCalenadrDataSourceProtocol.swift; sourceTree = "<group>"; };
		7EB9A7ED1FB1F3FB00CD100C /* BoneCalenadrDataSource.swift */ = {isa = PBXFileReference; fileEncoding = 4; lastKnownFileType = sourcecode.swift; path = BoneCalenadrDataSource.swift; sourceTree = "<group>"; };
		7EB9A7EE1FB1F3FB00CD100C /* BoneCalenadrDelegate.swift */ = {isa = PBXFileReference; fileEncoding = 4; lastKnownFileType = sourcecode.swift; path = BoneCalenadrDelegate.swift; sourceTree = "<group>"; };
		7EB9A7F01FB1F3FB00CD100C /* BoneCalendarFooter.swift */ = {isa = PBXFileReference; fileEncoding = 4; lastKnownFileType = sourcecode.swift; path = BoneCalendarFooter.swift; sourceTree = "<group>"; };
		7EB9A7F11FB1F3FB00CD100C /* RoundBackgroundLabel.swift */ = {isa = PBXFileReference; fileEncoding = 4; lastKnownFileType = sourcecode.swift; path = RoundBackgroundLabel.swift; sourceTree = "<group>"; };
		7EB9A7F21FB1F3FB00CD100C /* BoneCalenadrReusableView.swift */ = {isa = PBXFileReference; fileEncoding = 4; lastKnownFileType = sourcecode.swift; path = BoneCalenadrReusableView.swift; sourceTree = "<group>"; };
		7EB9A7F31FB1F3FB00CD100C /* BoneDayCell.swift */ = {isa = PBXFileReference; fileEncoding = 4; lastKnownFileType = sourcecode.swift; path = BoneDayCell.swift; sourceTree = "<group>"; };
		7EB9A7F41FB1F3FB00CD100C /* BoneCalendarLayout.swift */ = {isa = PBXFileReference; fileEncoding = 4; lastKnownFileType = sourcecode.swift; path = BoneCalendarLayout.swift; sourceTree = "<group>"; };
		7EB9A7F51FB1F3FB00CD100C /* BoneCalendarView.swift */ = {isa = PBXFileReference; fileEncoding = 4; lastKnownFileType = sourcecode.swift; path = BoneCalendarView.swift; sourceTree = "<group>"; };
		7EB9A82B1FB2D18F00CD100C /* BoneFilterCollectionCell.swift */ = {isa = PBXFileReference; lastKnownFileType = sourcecode.swift; path = BoneFilterCollectionCell.swift; sourceTree = "<group>"; };
		7EB9A82D1FB2D1C700CD100C /* BoneFilterReusableView.swift */ = {isa = PBXFileReference; lastKnownFileType = sourcecode.swift; path = BoneFilterReusableView.swift; sourceTree = "<group>"; };
		7EB9A82F1FB2D30400CD100C /* BoneCustomFiltersView.swift */ = {isa = PBXFileReference; lastKnownFileType = sourcecode.swift; path = BoneCustomFiltersView.swift; sourceTree = "<group>"; };
		7EB9A8311FB2D60F00CD100C /* BoneFilterLayout.swift */ = {isa = PBXFileReference; lastKnownFileType = sourcecode.swift; path = BoneFilterLayout.swift; sourceTree = "<group>"; };
		7EB9A8641FB53E2800CD100C /* BoneCustomFilterListView.swift */ = {isa = PBXFileReference; lastKnownFileType = sourcecode.swift; path = BoneCustomFilterListView.swift; sourceTree = "<group>"; };
		7EB9A8661FB53FD800CD100C /* BoneFilterSource.swift */ = {isa = PBXFileReference; lastKnownFileType = sourcecode.swift; path = BoneFilterSource.swift; sourceTree = "<group>"; };
		7EB9A86B1FB5599600CD100C /* BoneFilterFootView.swift */ = {isa = PBXFileReference; lastKnownFileType = sourcecode.swift; path = BoneFilterFootView.swift; sourceTree = "<group>"; };
		7ECC64981FBD283A008F2072 /* BoneMenuBarView.swift */ = {isa = PBXFileReference; lastKnownFileType = sourcecode.swift; path = BoneMenuBarView.swift; sourceTree = "<group>"; };
/* End PBXFileReference section */

/* Begin PBXFrameworksBuildPhase section */
		7E30380C1F0F257B00B16ACB /* Frameworks */ = {
			isa = PBXFrameworksBuildPhase;
			buildActionMask = 2147483647;
			files = (
			);
			runOnlyForDeploymentPostprocessing = 0;
		};
/* End PBXFrameworksBuildPhase section */

/* Begin PBXGroup section */
		7E3038061F0F257B00B16ACB = {
			isa = PBXGroup;
			children = (
				7E3038111F0F257B00B16ACB /* BoneCustomMenu */,
				7E3038101F0F257B00B16ACB /* Products */,
			);
			sourceTree = "<group>";
		};
		7E3038101F0F257B00B16ACB /* Products */ = {
			isa = PBXGroup;
			children = (
				7E30380F1F0F257B00B16ACB /* BoneCustomMenu.app */,
			);
			name = Products;
			sourceTree = "<group>";
		};
		7E3038111F0F257B00B16ACB /* BoneCustomMenu */ = {
			isa = PBXGroup;
			children = (
				7E3038241F0F258900B16ACB /* BoneCustomMenu */,
				7E3038121F0F257B00B16ACB /* AppDelegate.swift */,
				7E39A06C1F1C98F50030EB75 /* BoneTools.swift */,
				7E27A8E62060E4580084F5B5 /* UIView+Geometry.swift */,
				7E30D78C2046DA6400446B6F /* UIBotton+Extension.swift */,
				7E39A06D1F1C98F50030EB75 /* String+Extension.swift */,
				7E3038141F0F257B00B16ACB /* ViewController.swift */,
				7E3038161F0F257B00B16ACB /* Main.storyboard */,
				7E3038191F0F257B00B16ACB /* Assets.xcassets */,
				7E30381B1F0F257B00B16ACB /* LaunchScreen.storyboard */,
				7E30381E1F0F257B00B16ACB /* Info.plist */,
			);
			path = BoneCustomMenu;
			sourceTree = "<group>";
		};
		7E3038241F0F258900B16ACB /* BoneCustomMenu */ = {
			isa = PBXGroup;
			children = (
				7E39A0701F1C999E0030EB75 /* PopupView */,
				7E3038251F0F48B800B16ACB /* BoneCustomPopup.swift */,
				7E3038271F0FC36000B16ACB /* BoneCustomMenu.swift */,
				7E0E01A21FBAB4D800532876 /* BoneCustomMenuSource.swift */,
				7E30382F1F0FC4C100B16ACB /* BoneMenuDelegate.swift */,
				7E1A4FD31F160B1B00971EC1 /* BoneCustomIcon.bundle */,
				7ECC64981FBD283A008F2072 /* BoneMenuBarView.swift */,
			);
			path = BoneCustomMenu;
			sourceTree = "<group>";
		};
		7E39A0701F1C999E0030EB75 /* PopupView */ = {
			isa = PBXGroup;
			children = (
				7E8100A91FB5784A00ED5387 /* BoneFilter */,
				7EB9A7EA1FB1F3FB00CD100C /* BoneCalendar */,
				7EB9A7E11FB18BDD00CD100C /* ListsView */,
				7E39A0721F1C999E0030EB75 /* BoneCustomDelegate.swift */,
			);
			path = PopupView;
			sourceTree = "<group>";
		};
		7E8100A91FB5784A00ED5387 /* BoneFilter */ = {
			isa = PBXGroup;
			children = (
				7EB9A8661FB53FD800CD100C /* BoneFilterSource.swift */,
				7EB9A7DE1FB18BDD00CD100C /* FilterView */,
				7EB9A8631FB53DF300CD100C /* FilterListView */,
			);
			path = BoneFilter;
			sourceTree = "<group>";
		};
		7EB9A7DE1FB18BDD00CD100C /* FilterView */ = {
			isa = PBXGroup;
			children = (
				7EB9A82A1FB2D15800CD100C /* Cell */,
				7EB9A82F1FB2D30400CD100C /* BoneCustomFiltersView.swift */,
			);
			path = FilterView;
			sourceTree = "<group>";
		};
		7EB9A7E11FB18BDD00CD100C /* ListsView */ = {
			isa = PBXGroup;
			children = (
				7EB9A7E21FB18BDD00CD100C /* BoneCustomListsView.swift */,
				7E0E01A41FBAD87200532876 /* BoneCustomListSource.swift */,
				7EB9A7E31FB18BDD00CD100C /* BoneListsCell.swift */,
			);
			path = ListsView;
			sourceTree = "<group>";
		};
		7EB9A7EA1FB1F3FB00CD100C /* BoneCalendar */ = {
			isa = PBXGroup;
			children = (
				7EB9A7EB1FB1F3FB00CD100C /* DataSource */,
				7EB9A7EF1FB1F3FB00CD100C /* Cell */,
				7EB9A7F51FB1F3FB00CD100C /* BoneCalendarView.swift */,
				7EB9A7EE1FB1F3FB00CD100C /* BoneCalenadrDelegate.swift */,
			);
			path = BoneCalendar;
			sourceTree = "<group>";
		};
		7EB9A7EB1FB1F3FB00CD100C /* DataSource */ = {
			isa = PBXGroup;
			children = (
				7EB9A7EC1FB1F3FB00CD100C /* BoneCalenadrDataSourceProtocol.swift */,
				7EB9A7ED1FB1F3FB00CD100C /* BoneCalenadrDataSource.swift */,
			);
			path = DataSource;
			sourceTree = "<group>";
		};
		7EB9A7EF1FB1F3FB00CD100C /* Cell */ = {
			isa = PBXGroup;
			children = (
				7E4C1A192004AFC000B22EAD /* BoneCalendarHeader.swift */,
				7EB9A7F01FB1F3FB00CD100C /* BoneCalendarFooter.swift */,
				7E4C1A1B2005A30400B22EAD /* BoneCalendarTimePicker.swift */,
				7EB9A7F11FB1F3FB00CD100C /* RoundBackgroundLabel.swift */,
				7EB9A7F21FB1F3FB00CD100C /* BoneCalenadrReusableView.swift */,
				7EB9A7F31FB1F3FB00CD100C /* BoneDayCell.swift */,
				7EB9A7F41FB1F3FB00CD100C /* BoneCalendarLayout.swift */,
			);
			path = Cell;
			sourceTree = "<group>";
		};
		7EB9A82A1FB2D15800CD100C /* Cell */ = {
			isa = PBXGroup;
			children = (
				7EB9A82B1FB2D18F00CD100C /* BoneFilterCollectionCell.swift */,
				7EB9A82D1FB2D1C700CD100C /* BoneFilterReusableView.swift */,
				7EB9A8311FB2D60F00CD100C /* BoneFilterLayout.swift */,
			);
			path = Cell;
			sourceTree = "<group>";
		};
		7EB9A8631FB53DF300CD100C /* FilterListView */ = {
			isa = PBXGroup;
			children = (
				7EB9A86A1FB5596A00CD100C /* Cell */,
				7EB9A8641FB53E2800CD100C /* BoneCustomFilterListView.swift */,
			);
			path = FilterListView;
			sourceTree = "<group>";
		};
		7EB9A86A1FB5596A00CD100C /* Cell */ = {
			isa = PBXGroup;
			children = (
				7EB9A86B1FB5599600CD100C /* BoneFilterFootView.swift */,
			);
			path = Cell;
			sourceTree = "<group>";
		};
/* End PBXGroup section */

/* Begin PBXNativeTarget section */
		7E30380E1F0F257B00B16ACB /* BoneCustomMenu */ = {
			isa = PBXNativeTarget;
			buildConfigurationList = 7E3038211F0F257B00B16ACB /* Build configuration list for PBXNativeTarget "BoneCustomMenu" */;
			buildPhases = (
				7E30380B1F0F257B00B16ACB /* Sources */,
				7E30380C1F0F257B00B16ACB /* Frameworks */,
				7E30380D1F0F257B00B16ACB /* Resources */,
			);
			buildRules = (
			);
			dependencies = (
			);
			name = BoneCustomMenu;
			productName = BoneCustomMenu;
			productReference = 7E30380F1F0F257B00B16ACB /* BoneCustomMenu.app */;
			productType = "com.apple.product-type.application";
		};
/* End PBXNativeTarget section */

/* Begin PBXProject section */
		7E3038071F0F257B00B16ACB /* Project object */ = {
			isa = PBXProject;
			attributes = {
				LastSwiftUpdateCheck = 0820;
				LastUpgradeCheck = 0920;
				ORGANIZATIONNAME = "鱼骨头";
				TargetAttributes = {
					7E30380E1F0F257B00B16ACB = {
						CreatedOnToolsVersion = 8.2.1;
						DevelopmentTeam = TQ57V7K726;
						ProvisioningStyle = Automatic;
					};
				};
			};
			buildConfigurationList = 7E30380A1F0F257B00B16ACB /* Build configuration list for PBXProject "BoneCustomMenu" */;
			compatibilityVersion = "Xcode 3.2";
			developmentRegion = English;
			hasScannedForEncodings = 0;
			knownRegions = (
				en,
				Base,
			);
			mainGroup = 7E3038061F0F257B00B16ACB;
			productRefGroup = 7E3038101F0F257B00B16ACB /* Products */;
			projectDirPath = "";
			projectRoot = "";
			targets = (
				7E30380E1F0F257B00B16ACB /* BoneCustomMenu */,
			);
		};
/* End PBXProject section */

/* Begin PBXResourcesBuildPhase section */
		7E30380D1F0F257B00B16ACB /* Resources */ = {
			isa = PBXResourcesBuildPhase;
			buildActionMask = 2147483647;
			files = (
				7E30381D1F0F257B00B16ACB /* LaunchScreen.storyboard in Resources */,
				7E1A4FD41F160B1B00971EC1 /* BoneCustomIcon.bundle in Resources */,
				7E30381A1F0F257B00B16ACB /* Assets.xcassets in Resources */,
				7E3038181F0F257B00B16ACB /* Main.storyboard in Resources */,
			);
			runOnlyForDeploymentPostprocessing = 0;
		};
/* End PBXResourcesBuildPhase section */

/* Begin PBXSourcesBuildPhase section */
		7E30380B1F0F257B00B16ACB /* Sources */ = {
			isa = PBXSourcesBuildPhase;
			buildActionMask = 2147483647;
			files = (
				7EB9A7F91FB1F3FB00CD100C /* BoneCalendarFooter.swift in Sources */,
				7E3038151F0F257B00B16ACB /* ViewController.swift in Sources */,
				7E0E01A51FBAD87200532876 /* BoneCustomListSource.swift in Sources */,
				7EB9A7E61FB18BDD00CD100C /* BoneCustomListsView.swift in Sources */,
				7E4C1A1C2005A30500B22EAD /* BoneCalendarTimePicker.swift in Sources */,
				7E3038131F0F257B00B16ACB /* AppDelegate.swift in Sources */,
				7E3038301F0FC4C100B16ACB /* BoneMenuDelegate.swift in Sources */,
				7EB9A8651FB53E2800CD100C /* BoneCustomFilterListView.swift in Sources */,
				7E39A06F1F1C98F50030EB75 /* String+Extension.swift in Sources */,
				7E39A0771F1C999E0030EB75 /* BoneCustomDelegate.swift in Sources */,
				7EB9A8321FB2D60F00CD100C /* BoneFilterLayout.swift in Sources */,
				7E4C1A1A2004AFC000B22EAD /* BoneCalendarHeader.swift in Sources */,
				7EB9A8671FB53FD800CD100C /* BoneFilterSource.swift in Sources */,
				7EB9A82C1FB2D18F00CD100C /* BoneFilterCollectionCell.swift in Sources */,
				7E3038261F0F48B800B16ACB /* BoneCustomPopup.swift in Sources */,
				7E30D78D2046DA6400446B6F /* UIBotton+Extension.swift in Sources */,
				7EB9A86C1FB5599600CD100C /* BoneFilterFootView.swift in Sources */,
				7EB9A7FE1FB1F3FB00CD100C /* BoneCalendarView.swift in Sources */,
				7EB9A7E71FB18BDD00CD100C /* BoneListsCell.swift in Sources */,
				7E27A8E72060E4580084F5B5 /* UIView+Geometry.swift in Sources */,
				7EB9A7FB1FB1F3FB00CD100C /* BoneCalenadrReusableView.swift in Sources */,
				7EB9A7F71FB1F3FB00CD100C /* BoneCalenadrDataSource.swift in Sources */,
				7EB9A7F61FB1F3FB00CD100C /* BoneCalenadrDataSourceProtocol.swift in Sources */,
				7EB9A7FA1FB1F3FB00CD100C /* RoundBackgroundLabel.swift in Sources */,
				7EB9A8301FB2D30400CD100C /* BoneCustomFiltersView.swift in Sources */,
				7E39A06E1F1C98F50030EB75 /* BoneTools.swift in Sources */,
				7EB9A82E1FB2D1C700CD100C /* BoneFilterReusableView.swift in Sources */,
				7E0E01A31FBAB4D800532876 /* BoneCustomMenuSource.swift in Sources */,
				7E3038281F0FC36000B16ACB /* BoneCustomMenu.swift in Sources */,
				7EB9A7F81FB1F3FB00CD100C /* BoneCalenadrDelegate.swift in Sources */,
				7EB9A7FC1FB1F3FB00CD100C /* BoneDayCell.swift in Sources */,
				7EB9A7FD1FB1F3FB00CD100C /* BoneCalendarLayout.swift in Sources */,
				7ECC64991FBD283A008F2072 /* BoneMenuBarView.swift in Sources */,
			);
			runOnlyForDeploymentPostprocessing = 0;
		};
/* End PBXSourcesBuildPhase section */

/* Begin PBXVariantGroup section */
		7E3038161F0F257B00B16ACB /* Main.storyboard */ = {
			isa = PBXVariantGroup;
			children = (
				7E3038171F0F257B00B16ACB /* Base */,
			);
			name = Main.storyboard;
			sourceTree = "<group>";
		};
		7E30381B1F0F257B00B16ACB /* LaunchScreen.storyboard */ = {
			isa = PBXVariantGroup;
			children = (
				7E30381C1F0F257B00B16ACB /* Base */,
			);
			name = LaunchScreen.storyboard;
			sourceTree = "<group>";
		};
/* End PBXVariantGroup section */

/* Begin XCBuildConfiguration section */
		7E30381F1F0F257B00B16ACB /* Debug */ = {
			isa = XCBuildConfiguration;
			buildSettings = {
				ALWAYS_SEARCH_USER_PATHS = NO;
				CLANG_ANALYZER_NONNULL = YES;
				CLANG_CXX_LANGUAGE_STANDARD = "gnu++0x";
				CLANG_CXX_LIBRARY = "libc++";
				CLANG_ENABLE_MODULES = YES;
				CLANG_ENABLE_OBJC_ARC = YES;
				CLANG_WARN_BLOCK_CAPTURE_AUTORELEASING = YES;
				CLANG_WARN_BOOL_CONVERSION = YES;
				CLANG_WARN_COMMA = YES;
				CLANG_WARN_CONSTANT_CONVERSION = YES;
				CLANG_WARN_DIRECT_OBJC_ISA_USAGE = YES_ERROR;
				CLANG_WARN_DOCUMENTATION_COMMENTS = YES;
				CLANG_WARN_EMPTY_BODY = YES;
				CLANG_WARN_ENUM_CONVERSION = YES;
				CLANG_WARN_INFINITE_RECURSION = YES;
				CLANG_WARN_INT_CONVERSION = YES;
				CLANG_WARN_NON_LITERAL_NULL_CONVERSION = YES;
				CLANG_WARN_OBJC_LITERAL_CONVERSION = YES;
				CLANG_WARN_OBJC_ROOT_CLASS = YES_ERROR;
				CLANG_WARN_RANGE_LOOP_ANALYSIS = YES;
				CLANG_WARN_STRICT_PROTOTYPES = YES;
				CLANG_WARN_SUSPICIOUS_MOVE = YES;
				CLANG_WARN_UNREACHABLE_CODE = YES;
				CLANG_WARN__DUPLICATE_METHOD_MATCH = YES;
				"CODE_SIGN_IDENTITY[sdk=iphoneos*]" = "iPhone Developer";
				COPY_PHASE_STRIP = NO;
				DEBUG_INFORMATION_FORMAT = dwarf;
				ENABLE_STRICT_OBJC_MSGSEND = YES;
				ENABLE_TESTABILITY = YES;
				GCC_C_LANGUAGE_STANDARD = gnu99;
				GCC_DYNAMIC_NO_PIC = NO;
				GCC_NO_COMMON_BLOCKS = YES;
				GCC_OPTIMIZATION_LEVEL = 0;
				GCC_PREPROCESSOR_DEFINITIONS = (
					"DEBUG=1",
					"$(inherited)",
				);
				GCC_WARN_64_TO_32_BIT_CONVERSION = YES;
				GCC_WARN_ABOUT_RETURN_TYPE = YES_ERROR;
				GCC_WARN_UNDECLARED_SELECTOR = YES;
				GCC_WARN_UNINITIALIZED_AUTOS = YES_AGGRESSIVE;
				GCC_WARN_UNUSED_FUNCTION = YES;
				GCC_WARN_UNUSED_VARIABLE = YES;
				IPHONEOS_DEPLOYMENT_TARGET = 10.2;
				MTL_ENABLE_DEBUG_INFO = YES;
				ONLY_ACTIVE_ARCH = YES;
				SDKROOT = iphoneos;
				SWIFT_ACTIVE_COMPILATION_CONDITIONS = DEBUG;
				SWIFT_OPTIMIZATION_LEVEL = "-Onone";
			};
			name = Debug;
		};
		7E3038201F0F257B00B16ACB /* Release */ = {
			isa = XCBuildConfiguration;
			buildSettings = {
				ALWAYS_SEARCH_USER_PATHS = NO;
				CLANG_ANALYZER_NONNULL = YES;
				CLANG_CXX_LANGUAGE_STANDARD = "gnu++0x";
				CLANG_CXX_LIBRARY = "libc++";
				CLANG_ENABLE_MODULES = YES;
				CLANG_ENABLE_OBJC_ARC = YES;
				CLANG_WARN_BLOCK_CAPTURE_AUTORELEASING = YES;
				CLANG_WARN_BOOL_CONVERSION = YES;
				CLANG_WARN_COMMA = YES;
				CLANG_WARN_CONSTANT_CONVERSION = YES;
				CLANG_WARN_DIRECT_OBJC_ISA_USAGE = YES_ERROR;
				CLANG_WARN_DOCUMENTATION_COMMENTS = YES;
				CLANG_WARN_EMPTY_BODY = YES;
				CLANG_WARN_ENUM_CONVERSION = YES;
				CLANG_WARN_INFINITE_RECURSION = YES;
				CLANG_WARN_INT_CONVERSION = YES;
				CLANG_WARN_NON_LITERAL_NULL_CONVERSION = YES;
				CLANG_WARN_OBJC_LITERAL_CONVERSION = YES;
				CLANG_WARN_OBJC_ROOT_CLASS = YES_ERROR;
				CLANG_WARN_RANGE_LOOP_ANALYSIS = YES;
				CLANG_WARN_STRICT_PROTOTYPES = YES;
				CLANG_WARN_SUSPICIOUS_MOVE = YES;
				CLANG_WARN_UNREACHABLE_CODE = YES;
				CLANG_WARN__DUPLICATE_METHOD_MATCH = YES;
				"CODE_SIGN_IDENTITY[sdk=iphoneos*]" = "iPhone Developer";
				COPY_PHASE_STRIP = NO;
				DEBUG_INFORMATION_FORMAT = "dwarf-with-dsym";
				ENABLE_NS_ASSERTIONS = NO;
				ENABLE_STRICT_OBJC_MSGSEND = YES;
				GCC_C_LANGUAGE_STANDARD = gnu99;
				GCC_NO_COMMON_BLOCKS = YES;
				GCC_WARN_64_TO_32_BIT_CONVERSION = YES;
				GCC_WARN_ABOUT_RETURN_TYPE = YES_ERROR;
				GCC_WARN_UNDECLARED_SELECTOR = YES;
				GCC_WARN_UNINITIALIZED_AUTOS = YES_AGGRESSIVE;
				GCC_WARN_UNUSED_FUNCTION = YES;
				GCC_WARN_UNUSED_VARIABLE = YES;
				IPHONEOS_DEPLOYMENT_TARGET = 10.2;
				MTL_ENABLE_DEBUG_INFO = NO;
				SDKROOT = iphoneos;
				SWIFT_OPTIMIZATION_LEVEL = "-Owholemodule";
				VALIDATE_PRODUCT = YES;
			};
			name = Release;
		};
		7E3038221F0F257B00B16ACB /* Debug */ = {
			isa = XCBuildConfiguration;
			buildSettings = {
				ASSETCATALOG_COMPILER_APPICON_NAME = AppIcon;
				DEVELOPMENT_TEAM = TQ57V7K726;
				INFOPLIST_FILE = BoneCustomMenu/Info.plist;
				IPHONEOS_DEPLOYMENT_TARGET = 8.0;
				LD_RUNPATH_SEARCH_PATHS = "$(inherited) @executable_path/Frameworks";
				PRODUCT_BUNDLE_IDENTIFIER = yuxutao.BoneCustomMenu;
				PRODUCT_NAME = "$(TARGET_NAME)";
				SWIFT_VERSION = 3.0;
			};
			name = Debug;
		};
		7E3038231F0F257B00B16ACB /* Release */ = {
			isa = XCBuildConfiguration;
			buildSettings = {
				ASSETCATALOG_COMPILER_APPICON_NAME = AppIcon;
				DEVELOPMENT_TEAM = TQ57V7K726;
				INFOPLIST_FILE = BoneCustomMenu/Info.plist;
				IPHONEOS_DEPLOYMENT_TARGET = 8.0;
				LD_RUNPATH_SEARCH_PATHS = "$(inherited) @executable_path/Frameworks";
				PRODUCT_BUNDLE_IDENTIFIER = yuxutao.BoneCustomMenu;
				PRODUCT_NAME = "$(TARGET_NAME)";
				SWIFT_VERSION = 3.0;
			};
			name = Release;
		};
/* End XCBuildConfiguration section */

/* Begin XCConfigurationList section */
		7E30380A1F0F257B00B16ACB /* Build configuration list for PBXProject "BoneCustomMenu" */ = {
			isa = XCConfigurationList;
			buildConfigurations = (
				7E30381F1F0F257B00B16ACB /* Debug */,
				7E3038201F0F257B00B16ACB /* Release */,
			);
			defaultConfigurationIsVisible = 0;
			defaultConfigurationName = Release;
		};
		7E3038211F0F257B00B16ACB /* Build configuration list for PBXNativeTarget "BoneCustomMenu" */ = {
			isa = XCConfigurationList;
			buildConfigurations = (
				7E3038221F0F257B00B16ACB /* Debug */,
				7E3038231F0F257B00B16ACB /* Release */,
			);
			defaultConfigurationIsVisible = 0;
			defaultConfigurationName = Release;
		};
/* End XCConfigurationList section */
	};
	rootObject = 7E3038071F0F257B00B16ACB /* Project object */;
}
